<?xml version="1.0" encoding="utf-8"?>
<Project ToolsVersion="4.0" xmlns="http://schemas.microsoft.com/developer/msbuild/2003">
  <ItemGroup>
    <Filter Include="소스 파일">
      <UniqueIdentifier>{4FC737F1-C7A5-4376-A066-2A32D752A2FF}</UniqueIdentifier>
      <Extensions>cpp;c;cc;cxx;c++;cppm;ixx;def;odl;idl;hpj;bat;asm;asmx</Extensions>
    </Filter>
    <Filter Include="헤더 파일">
      <UniqueIdentifier>{93995380-89BD-4b04-88EB-625FBE52EBFB}</UniqueIdentifier>
      <Extensions>h;hh;hpp;hxx;h++;hm;inl;inc;ipp;xsd</Extensions>
    </Filter>
    <Filter Include="리소스 파일">
      <UniqueIdentifier>{67DA6AB6-F800-4c08-8B7A-83BB121AAD01}</UniqueIdentifier>
      <Extensions>rc;ico;cur;bmp;dlg;rc2;rct;bin;rgs;gif;jpg;jpeg;jpe;resx;tiff;tif;png;wav;mfcribbon-ms</Extensions>
    </Filter>
  </ItemGroup>
  <ItemGroup>
    <ClCompile Include="Main.cpp">
      <Filter>소스 파일</Filter>
    </ClCompile>
    <ClCompile Include="Ground.cpp">
      <Filter>소스 파일</Filter>
    </ClCompile>
    <ClCompile Include="Player.cpp">
      <Filter>소스 파일</Filter>
    </ClCompile>
    <ClCompile Include="Public.cpp">
      <Filter>소스 파일</Filter>
    </ClCompile>
    <ClCompile Include="GameSystem.cpp">
      <Filter>소스 파일</Filter>
    </ClCompile>
    <ClCompile Include="Item.cpp">
      <Filter>소스 파일</Filter>
    </ClCompile>
    <ClCompile Include="Upgrade.cpp">
      <Filter>소스 파일</Filter>
    </ClCompile>
    <ClCompile Include="Trap.cpp">
      <Filter>소스 파일</Filter>
    </ClCompile>
    <ClCompile Include="Font.cpp">
      <Filter>소스 파일</Filter>
    </ClCompile>
  </ItemGroup>
  <ItemGroup>
    <ClInclude Include="Public.h">
      <Filter>헤더 파일</Filter>
    </ClInclude>
    <ClInclude Include="Ground.h">
      <Filter>헤더 파일</Filter>
    </ClInclude>
    <ClInclude Include="Player.h">
      <Filter>헤더 파일</Filter>
    </ClInclude>
    <ClInclude Include="resource.h">
      <Filter>헤더 파일</Filter>
    </ClInclude>
    <ClInclude Include="GameSystem.h">
      <Filter>헤더 파일</Filter>
    </ClInclude>
    <ClInclude Include="Item.h">
      <Filter>헤더 파일</Filter>
    </ClInclude>
    <ClInclude Include="Upgrade.h">
      <Filter>헤더 파일</Filter>
    </ClInclude>
    <ClInclude Include="Trap.h">
      <Filter>헤더 파일</Filter>
    </ClInclude>
    <ClInclude Include="Font.h">
      <Filter>헤더 파일</Filter>
    </ClInclude>
  </ItemGroup>
  <ItemGroup>
    <ResourceCompile Include="JumpJump.rc">
      <Filter>리소스 파일</Filter>
    </ResourceCompile>
  </ItemGroup>
  <ItemGroup>
    <Image Include="..\image\BlackRabbit.bmp">
      <Filter>리소스 파일</Filter>
    </Image>
    <Image Include="..\image\Ground.bmp">
      <Filter>리소스 파일</Filter>
    </Image>
    <Image Include="..\image\StartGround.bmp">
      <Filter>리소스 파일</Filter>
    </Image>
    <Image Include="..\image\Input.bmp">
      <Filter>리소스 파일</Filter>
    </Image>
    <Image Include="..\image\PauseButton.bmp">
      <Filter>리소스 파일</Filter>
    </Image>
    <Image Include="..\image\Item.bmp">
      <Filter>리소스 파일</Filter>
    </Image>
    <Image Include="..\image\BlackRabbit_Shiled.bmp">
      <Filter>리소스 파일</Filter>
    </Image>
    <Image Include="..\image\Money.bmp">
      <Filter>리소스 파일</Filter>
    </Image>
    <Image Include="..\image\Upgrade_Background_Front.bmp">
      <Filter>리소스 파일</Filter>
    </Image>
    <Image Include="..\image\Upgrade_Background_Back.png">
      <Filter>리소스 파일</Filter>
    </Image>
    <Image Include="..\image\Upgrade_Background_Back.bmp">
      <Filter>리소스 파일</Filter>
    </Image>
    <Image Include="..\image\Upgrade_Block.bmp">
      <Filter>리소스 파일</Filter>
    </Image>
    <Image Include="..\image\Upgrade_Start_Button.bmp">
      <Filter>리소스 파일</Filter>
    </Image>
    <Image Include="..\image\Upgrade_Main_Background.bmp">
      <Filter>리소스 파일</Filter>
    </Image>
    <Image Include="..\image\Start_Main_Background.bmp">
      <Filter>리소스 파일</Filter>
    </Image>
    <Image Include="..\image\Start_Start_Button2.bmp">
      <Filter>리소스 파일</Filter>
    </Image>
    <Image Include="..\image\Start_Panel.bmp">
      <Filter>리소스 파일</Filter>
    </Image>
    <Image Include="..\image\Start_Title.bmp">
      <Filter>리소스 파일</Filter>
    </Image>
    <Image Include="..\image\Game_Main_Background.bmp">
      <Filter>리소스 파일</Filter>
    </Image>
    <Image Include="..\image\Game_HP_Background.bmp">
      <Filter>리소스 파일</Filter>
    </Image>
    <Image Include="..\image\Game_HP_End.bmp">
      <Filter>리소스 파일</Filter>
    </Image>
    <Image Include="..\image\Trap.bmp">
      <Filter>리소스 파일</Filter>
    </Image>
    <Image Include="..\image\GameOver_Background_1.bmp">
      <Filter>리소스 파일</Filter>
    </Image>
    <Image Include="..\image\Font.bmp">
      <Filter>리소스 파일</Filter>
    </Image>
    <Image Include="..\image\GameOver_HighScore.bmp">
      <Filter>리소스 파일</Filter>
    </Image>
    <Image Include="..\image\Upgrade_Icon.bmp">
      <Filter>리소스 파일</Filter>
    </Image>
    <Image Include="..\image\Game_HP_Front.bmp">
      <Filter>리소스 파일</Filter>
    </Image>
    <Image Include="..\image\Game_Pause_Screen.bmp">
      <Filter>리소스 파일</Filter>
    </Image>
    <Image Include="..\image\Game_Pause_Text.bmp">
      <Filter>리소스 파일</Filter>
    </Image>
    <Image Include="..\image\Manual.bmp">
      <Filter>리소스 파일</Filter>
    </Image>
    <Image Include="..\image\Icon.ico">
      <Filter>리소스 파일</Filter>
    </Image>
  </ItemGroup>
</Project>